
Microsoft Visual Studio Solution File, Format Version 12.00
# Visual Studio Version 17
VisualStudioVersion = 17.3.32929.385
MinimumVisualStudioVersion = 10.0.40219.1
Project("{FAE04EC0-301F-11D3-BF4B-00C04F79EFBC}") = "ApiCatalogo02", "ApiCatalogo02.csproj", "{B3151324-16E8-4E67-9A95-65539D2A5064}"
EndProject
Global
	GlobalSection(SolutionConfigurationPlatforms) = preSolution
		Debug|Any CPU = Debug|Any CPU
		Release|Any CPU = Release|Any CPU
	EndGlobalSection
	GlobalSection(ProjectConfigurationPlatforms) = postSolution
		{B3151324-16E8-4E67-9A95-65539D2A5064}.Debug|Any CPU.ActiveCfg = Debug|Any CPU
		{B3151324-16E8-4E67-9A95-65539D2A5064}.Debug|Any CPU.Build.0 = Debug|Any CPU
		{B3151324-16E8-4E67-9A95-65539D2A5064}.Release|Any CPU.ActiveCfg = Release|Any CPU
		{B3151324-16E8-4E67-9A95-65539D2A5064}.Release|Any CPU.Build.0 = Release|Any CPU
	EndGlobalSection
	GlobalSection(SolutionProperties) = preSolution
		HideSolutionNode = FALSE
	EndGlobalSection
	GlobalSection(ExtensibilityGlobals) = postSolution
		SolutionGuid = {E0EB2B19-C80F-4E4D-BD87-180BB6698082}
	EndGlobalSection
EndGlobal
